
Microsoft Visual Studio Solution File, Format Version 10.00
# Visual Studio 2008
Project("{FAE04EC0-301F-11D3-BF4B-00C04F79EFBC}") = "Pong", "Pong\Pong.csproj", "{BA72F6F8-FE7F-40AC-AE03-96F005810501}"
EndProject
Project("{FAE04EC0-301F-11D3-BF4B-00C04F79EFBC}") = "Pong.Test.Acceptance", "Pong.Test.Acceptance\Pong.Test.Acceptance.csproj", "{FBC991AF-D2DD-4D52-A4CA-3E6F66C9B7DE}"
EndProject
Global
	GlobalSection(SolutionConfigurationPlatforms) = preSolution
		Debug|x86 = Debug|x86
		Release|x86 = Release|x86
		Default|Any CPU = Default|Any CPU
	EndGlobalSection
	GlobalSection(ProjectConfigurationPlatforms) = postSolution
		{BA72F6F8-FE7F-40AC-AE03-96F005810501}.Debug|x86.ActiveCfg = Debug|x86
		{BA72F6F8-FE7F-40AC-AE03-96F005810501}.Debug|x86.Build.0 = Debug|x86
		{BA72F6F8-FE7F-40AC-AE03-96F005810501}.Release|x86.ActiveCfg = Release|x86
		{BA72F6F8-FE7F-40AC-AE03-96F005810501}.Release|x86.Build.0 = Release|x86
		{FBC991AF-D2DD-4D52-A4CA-3E6F66C9B7DE}.Debug|x86.ActiveCfg = Debug|Any CPU
		{FBC991AF-D2DD-4D52-A4CA-3E6F66C9B7DE}.Debug|x86.Build.0 = Debug|Any CPU
		{FBC991AF-D2DD-4D52-A4CA-3E6F66C9B7DE}.Default|Any CPU.ActiveCfg = Debug|Any CPU
		{FBC991AF-D2DD-4D52-A4CA-3E6F66C9B7DE}.Default|Any CPU.Build.0 = Debug|Any CPU
		{FBC991AF-D2DD-4D52-A4CA-3E6F66C9B7DE}.Release|x86.ActiveCfg = Release|Any CPU
		{FBC991AF-D2DD-4D52-A4CA-3E6F66C9B7DE}.Release|x86.Build.0 = Release|Any CPU
	EndGlobalSection
	GlobalSection(MonoDevelopProperties) = preSolution
		StartupItem = Pong\Pong.csproj
		Policies = $0
		$0.DotNetNamingPolicy = $1
		$1.DirectoryNamespaceAssociation = None
		$1.ResourceNamePolicy = FileFormatDefault
		$0.TextStylePolicy = $2
		$2.inheritsSet = null
		$2.scope = text/x-csharp
		$0.CSharpFormattingPolicy = $3
		$3.inheritsSet = Mono
		$3.inheritsScope = text/x-csharp
		$3.scope = text/x-csharp
		$0.TextStylePolicy = $4
		$4.FileWidth = 120
		$4.TabWidth = 4
		$4.inheritsSet = Mono
		$4.inheritsScope = text/plain
		$4.scope = text/plain
	EndGlobalSection
EndGlobal
